
Microsoft Visual Studio Solution File, Format Version 12.00
# Visual Studio Version 16
VisualStudioVersion = 16.0.33529.622
MinimumVisualStudioVersion = 10.0.40219.1
Project("{9A19103F-16F7-4668-BE54-9A1E7A4F7556}") = "CustomerManagement", "CustomerManagement.csproj", "{F6404E4D-5C5A-49D3-8C63-B4511C6ABDFD}"
EndProject
Global
	GlobalSection(SolutionConfigurationPlatforms) = preSolution
		Debug|Any CPU = Debug|Any CPU
		Release|Any CPU = Release|Any CPU
	EndGlobalSection
	GlobalSection(ProjectConfigurationPlatforms) = postSolution
		{F6404E4D-5C5A-49D3-8C63-B4511C6ABDFD}.Debug|Any CPU.ActiveCfg = Debug|Any CPU
		{F6404E4D-5C5A-49D3-8C63-B4511C6ABDFD}.Debug|Any CPU.Build.0 = Debug|Any CPU
		{F6404E4D-5C5A-49D3-8C63-B4511C6ABDFD}.Release|Any CPU.ActiveCfg = Release|Any CPU
		{F6404E4D-5C5A-49D3-8C63-B4511C6ABDFD}.Release|Any CPU.Build.0 = Release|Any CPU
	EndGlobalSection
	GlobalSection(SolutionProperties) = preSolution
		HideSolutionNode = FALSE
	EndGlobalSection
	GlobalSection(ExtensibilityGlobals) = postSolution
		SolutionGuid = {961E6B01-AA3B-405D-AC60-313E06DD57C8}
	EndGlobalSection
EndGlobal
